
Microsoft Visual Studio Solution File, Format Version 12.00
# Visual Studio Version 17
VisualStudioVersion = 17.14.37614.0
MinimumVisualStudioVersion = 10.0.40219.1
Project("{2150E333-8FDC-42A3-9474-1A3956D46DE8}") = "Task0", "Task0", "{02EA681E-C7D8-13C7-8484-4AC65E1B71E8}"
EndProject
Project("{FAE04EC0-301F-11D3-BF4B-00C04F79EFBC}") = "Tyuiu.MikhailovVN.Sprint2.Task0.V16", "Tyuiu.MikhailovVN.Sprint2.Task0.V16\Tyuiu.MikhailovVN.Sprint2.Task0.V16.csproj", "{2671D6C4-BC4B-400D-8B00-384716726241}"
EndProject
Project("{FAE04EC0-301F-11D3-BF4B-00C04F79EFBC}") = "Tyuiu.MikhailovVN.Sprint2.Task0.V16.Lib", "Tyuiu.MikhailovVN.Sprint2.Task0.V16.Lib\Tyuiu.MikhailovVN.Sprint2.Task0.V16.Lib.csproj", "{9D0CA065-E7E6-47AC-9D65-8141D5018FF4}"
EndProject
Project("{FAE04EC0-301F-11D3-BF4B-00C04F79EFBC}") = "Tyuiu.MikhailovVN.Sprint2.Task0.V16.Test", "Tyuiu.MikhailovVN.Sprint2.Task0.V16.Test\Tyuiu.MikhailovVN.Sprint2.Task0.V16.Test.csproj", "{B45780C4-5626-43B9-A9E7-2F5028A698B0}"
EndProject
Project("{2150E333-8FDC-42A3-9474-1A3956D46DE8}") = "Task1", "Task1", "{C2921C34-9EEF-4F68-B3C5-30A4D45420BA}"
EndProject
Project("{FAE04EC0-301F-11D3-BF4B-00C04F79EFBC}") = "Tyuiu.MikhailovVN.Sprint2.Task1.V6", "Tyuiu.MikhailovVN.Sprint2.Task1.V6\Tyuiu.MikhailovVN.Sprint2.Task1.V6.csproj", "{7D8C10CD-CC09-4650-A370-B18FEF6A93AD}"
EndProject
Project("{FAE04EC0-301F-11D3-BF4B-00C04F79EFBC}") = "Tyuiu.MikhailovVN.Sprint2.Task1.V6.Lib", "Tyuiu.MikhailovVN.Sprint2.Task1.V6.Lib\Tyuiu.MikhailovVN.Sprint2.Task1.V6.Lib.csproj", "{4E29E315-08FC-4966-A133-82564EDF9272}"
EndProject
Project("{FAE04EC0-301F-11D3-BF4B-00C04F79EFBC}") = "Tyuiu.MikhailovVN.Sprint2.Task1.V6.Test", "Tyuiu.MikhailovVN.Sprint2.Task1.V6.Test\Tyuiu.MikhailovVN.Sprint2.Task1.V6.Test.csproj", "{826657F7-F4D8-4CE5-9C2E-918A48534E3E}"
EndProject
Project("{2150E333-8FDC-42A3-9474-1A3956D46DE8}") = "Task2", "Task2", "{1D50A3C1-BA42-442A-87AE-8956FF0B6247}"
EndProject
Project("{FAE04EC0-301F-11D3-BF4B-00C04F79EFBC}") = "Tyuiu.MikhailovVN.Sprint2.Task2.V9", "Tyuiu.MikhailovVN.Sprint2.Task2.V9\Tyuiu.MikhailovVN.Sprint2.Task2.V9.csproj", "{C6C5A1C1-CBA0-4B14-8692-C5A25769A1C3}"
EndProject
Project("{FAE04EC0-301F-11D3-BF4B-00C04F79EFBC}") = "Tyuiu.MikhailovVN.Sprint2.Task2.V9.Lib", "Tyuiu.MikhailovVN.Sprint2.Task2.V9.Lib\Tyuiu.MikhailovVN.Sprint2.Task2.V9.Lib.csproj", "{F854049A-2B1B-4BE6-A288-2DE7C6B7280F}"
EndProject
Project("{FAE04EC0-301F-11D3-BF4B-00C04F79EFBC}") = "Tyuiu.MikhailovVN.Sprint2.Task2.V9.Test", "Tyuiu.MikhailovVN.Sprint2.Task2.V9.Test\Tyuiu.MikhailovVN.Sprint2.Task2.V9.Test.csproj", "{26AA89B5-40B6-41EC-B2D1-ABE4206E03E6}"
EndProject
Project("{2150E333-8FDC-42A3-9474-1A3956D46DE8}") = "Task3", "Task3", "{09879FF5-7AF4-40F6-8C5F-D5F2ECBE85DA}"
EndProject
Project("{FAE04EC0-301F-11D3-BF4B-00C04F79EFBC}") = "Tyuiu.MikhailovVN.Sprint2.Task3.V9", "Tyuiu.MikhailovVN.Sprint2.Task3.V9\Tyuiu.MikhailovVN.Sprint2.Task3.V9.csproj", "{AA903694-BE3E-474E-9ABA-0517E407FAF7}"
EndProject
Project("{FAE04EC0-301F-11D3-BF4B-00C04F79EFBC}") = "Tyuiu.MikhailovVN.Sprint2.Task3.V9.Lib", "Tyuiu.MikhailovVN.Sprint2.Task3.V9.Lib\Tyuiu.MikhailovVN.Sprint2.Task3.V9.Lib.csproj", "{EA8EEDE4-3AE9-47B6-A956-2E9880AC48F5}"
EndProject
Project("{FAE04EC0-301F-11D3-BF4B-00C04F79EFBC}") = "Tyuiu.MikhailovVN.Sprint2.Task3.V9.Test", "Tyuiu.MikhailovVN.Sprint2.Task3.V9.Test\Tyuiu.MikhailovVN.Sprint2.Task3.V9.Test.csproj", "{67797BBF-99EC-4E40-AD98-1C7D60AD934A}"
EndProject
Global
	GlobalSection(SolutionConfigurationPlatforms) = preSolution
		Debug|Any CPU = Debug|Any CPU
		Release|Any CPU = Release|Any CPU
	EndGlobalSection
	GlobalSection(ProjectConfigurationPlatforms) = postSolution
		{2671D6C4-BC4B-400D-8B00-384716726241}.Debug|Any CPU.ActiveCfg = Debug|Any CPU
		{2671D6C4-BC4B-400D-8B00-384716726241}.Debug|Any CPU.Build.0 = Debug|Any CPU
		{2671D6C4-BC4B-400D-8B00-384716726241}.Release|Any CPU.ActiveCfg = Release|Any CPU
		{2671D6C4-BC4B-400D-8B00-384716726241}.Release|Any CPU.Build.0 = Release|Any CPU
		{9D0CA065-E7E6-47AC-9D65-8141D5018FF4}.Debug|Any CPU.ActiveCfg = Debug|Any CPU
		{9D0CA065-E7E6-47AC-9D65-8141D5018FF4}.Debug|Any CPU.Build.0 = Debug|Any CPU
		{9D0CA065-E7E6-47AC-9D65-8141D5018FF4}.Release|Any CPU.ActiveCfg = Release|Any CPU
		{9D0CA065-E7E6-47AC-9D65-8141D5018FF4}.Release|Any CPU.Build.0 = Release|Any CPU
		{B45780C4-5626-43B9-A9E7-2F5028A698B0}.Debug|Any CPU.ActiveCfg = Debug|Any CPU
		{B45780C4-5626-43B9-A9E7-2F5028A698B0}.Debug|Any CPU.Build.0 = Debug|Any CPU
		{B45780C4-5626-43B9-A9E7-2F5028A698B0}.Release|Any CPU.ActiveCfg = Release|Any CPU
		{B45780C4-5626-43B9-A9E7-2F5028A698B0}.Release|Any CPU.Build.0 = Release|Any CPU
		{7D8C10CD-CC09-4650-A370-B18FEF6A93AD}.Debug|Any CPU.ActiveCfg = Debug|Any CPU
		{7D8C10CD-CC09-4650-A370-B18FEF6A93AD}.Debug|Any CPU.Build.0 = Debug|Any CPU
		{7D8C10CD-CC09-4650-A370-B18FEF6A93AD}.Release|Any CPU.ActiveCfg = Release|Any CPU
		{7D8C10CD-CC09-4650-A370-B18FEF6A93AD}.Release|Any CPU.Build.0 = Release|Any CPU
		{4E29E315-08FC-4966-A133-82564EDF9272}.Debug|Any CPU.ActiveCfg = Debug|Any CPU
		{4E29E315-08FC-4966-A133-82564EDF9272}.Debug|Any CPU.Build.0 = Debug|Any CPU
		{4E29E315-08FC-4966-A133-82564EDF9272}.Release|Any CPU.ActiveCfg = Release|Any CPU
		{4E29E315-08FC-4966-A133-82564EDF9272}.Release|Any CPU.Build.0 = Release|Any CPU
		{826657F7-F4D8-4CE5-9C2E-918A48534E3E}.Debug|Any CPU.ActiveCfg = Debug|Any CPU
		{826657F7-F4D8-4CE5-9C2E-918A48534E3E}.Debug|Any CPU.Build.0 = Debug|Any CPU
		{826657F7-F4D8-4CE5-9C2E-918A48534E3E}.Release|Any CPU.ActiveCfg = Release|Any CPU
		{826657F7-F4D8-4CE5-9C2E-918A48534E3E}.Release|Any CPU.Build.0 = Release|Any CPU
		{C6C5A1C1-CBA0-4B14-8692-C5A25769A1C3}.Debug|Any CPU.ActiveCfg = Debug|Any CPU
		{C6C5A1C1-CBA0-4B14-8692-C5A25769A1C3}.Debug|Any CPU.Build.0 = Debug|Any CPU
		{C6C5A1C1-CBA0-4B14-8692-C5A25769A1C3}.Release|Any CPU.ActiveCfg = Release|Any CPU
		{C6C5A1C1-CBA0-4B14-8692-C5A25769A1C3}.Release|Any CPU.Build.0 = Release|Any CPU
		{F854049A-2B1B-4BE6-A288-2DE7C6B7280F}.Debug|Any CPU.ActiveCfg = Debug|Any CPU
		{F854049A-2B1B-4BE6-A288-2DE7C6B7280F}.Debug|Any CPU.Build.0 = Debug|Any CPU
		{F854049A-2B1B-4BE6-A288-2DE7C6B7280F}.Release|Any CPU.ActiveCfg = Release|Any CPU
		{F854049A-2B1B-4BE6-A288-2DE7C6B7280F}.Release|Any CPU.Build.0 = Release|Any CPU
		{26AA89B5-40B6-41EC-B2D1-ABE4206E03E6}.Debug|Any CPU.ActiveCfg = Debug|Any CPU
		{26AA89B5-40B6-41EC-B2D1-ABE4206E03E6}.Debug|Any CPU.Build.0 = Debug|Any CPU
		{26AA89B5-40B6-41EC-B2D1-ABE4206E03E6}.Release|Any CPU.ActiveCfg = Release|Any CPU
		{26AA89B5-40B6-41EC-B2D1-ABE4206E03E6}.Release|Any CPU.Build.0 = Release|Any CPU
		{AA903694-BE3E-474E-9ABA-0517E407FAF7}.Debug|Any CPU.ActiveCfg = Debug|Any CPU
		{AA903694-BE3E-474E-9ABA-0517E407FAF7}.Debug|Any CPU.Build.0 = Debug|Any CPU
		{AA903694-BE3E-474E-9ABA-0517E407FAF7}.Release|Any CPU.ActiveCfg = Release|Any CPU
		{AA903694-BE3E-474E-9ABA-0517E407FAF7}.Release|Any CPU.Build.0 = Release|Any CPU
		{EA8EEDE4-3AE9-47B6-A956-2E9880AC48F5}.Debug|Any CPU.ActiveCfg = Debug|Any CPU
		{EA8EEDE4-3AE9-47B6-A956-2E9880AC48F5}.Debug|Any CPU.Build.0 = Debug|Any CPU
		{EA8EEDE4-3AE9-47B6-A956-2E9880AC48F5}.Release|Any CPU.ActiveCfg = Release|Any CPU
		{EA8EEDE4-3AE9-47B6-A956-2E9880AC48F5}.Release|Any CPU.Build.0 = Release|Any CPU
		{67797BBF-99EC-4E40-AD98-1C7D60AD934A}.Debug|Any CPU.ActiveCfg = Debug|Any CPU
		{67797BBF-99EC-4E40-AD98-1C7D60AD934A}.Debug|Any CPU.Build.0 = Debug|Any CPU
		{67797BBF-99EC-4E40-AD98-1C7D60AD934A}.Release|Any CPU.ActiveCfg = Release|Any CPU
		{67797BBF-99EC-4E40-AD98-1C7D60AD934A}.Release|Any CPU.Build.0 = Release|Any CPU
	EndGlobalSection
	GlobalSection(SolutionProperties) = preSolution
		HideSolutionNode = FALSE
	EndGlobalSection
	GlobalSection(NestedProjects) = preSolution
		{2671D6C4-BC4B-400D-8B00-384716726241} = {02EA681E-C7D8-13C7-8484-4AC65E1B71E8}
		{9D0CA065-E7E6-47AC-9D65-8141D5018FF4} = {02EA681E-C7D8-13C7-8484-4AC65E1B71E8}
		{B45780C4-5626-43B9-A9E7-2F5028A698B0} = {02EA681E-C7D8-13C7-8484-4AC65E1B71E8}
		{7D8C10CD-CC09-4650-A370-B18FEF6A93AD} = {C2921C34-9EEF-4F68-B3C5-30A4D45420BA}
		{4E29E315-08FC-4966-A133-82564EDF9272} = {C2921C34-9EEF-4F68-B3C5-30A4D45420BA}
		{826657F7-F4D8-4CE5-9C2E-918A48534E3E} = {C2921C34-9EEF-4F68-B3C5-30A4D45420BA}
		{C6C5A1C1-CBA0-4B14-8692-C5A25769A1C3} = {1D50A3C1-BA42-442A-87AE-8956FF0B6247}
		{F854049A-2B1B-4BE6-A288-2DE7C6B7280F} = {1D50A3C1-BA42-442A-87AE-8956FF0B6247}
		{26AA89B5-40B6-41EC-B2D1-ABE4206E03E6} = {1D50A3C1-BA42-442A-87AE-8956FF0B6247}
		{AA903694-BE3E-474E-9ABA-0517E407FAF7} = {09879FF5-7AF4-40F6-8C5F-D5F2ECBE85DA}
		{EA8EEDE4-3AE9-47B6-A956-2E9880AC48F5} = {09879FF5-7AF4-40F6-8C5F-D5F2ECBE85DA}
		{67797BBF-99EC-4E40-AD98-1C7D60AD934A} = {09879FF5-7AF4-40F6-8C5F-D5F2ECBE85DA}
	EndGlobalSection
	GlobalSection(ExtensibilityGlobals) = postSolution
		SolutionGuid = {7BB93AD1-C88D-437B-82F4-637753E05541}
	EndGlobalSection
EndGlobal
